
Microsoft Visual Studio Solution File, Format Version 12.00
# Visual Studio Version 17
VisualStudioVersion = 17.3.32922.545
MinimumVisualStudioVersion = 10.0.40219.1
Project("{8BC9CEB8-8B4A-11D0-8D11-00A0C91BC942}") = "3D-Julia", "3D-Julia\3D-Julia.vcxproj", "{3EAC157D-110D-49DB-BB37-2F3EEE4C722F}"
EndProject
Project("{2150E333-8FDC-42A3-9474-1A3956D46DE8}") = "Solution Items", "Solution Items", "{509FA902-F2A5-4D8C-B324-1727D083C96E}"
	ProjectSection(SolutionItems) = preProject
		x64\Release\frac.shader = x64\Release\frac.shader
		x64\Release\functions.h = x64\Release\functions.h
	EndProjectSection
EndProject
Global
	GlobalSection(SolutionConfigurationPlatforms) = preSolution
		Debug|x64 = Debug|x64
		Debug|x86 = Debug|x86
		Release|x64 = Release|x64
		Release|x86 = Release|x86
	EndGlobalSection
	GlobalSection(ProjectConfigurationPlatforms) = postSolution
		{3EAC157D-110D-49DB-BB37-2F3EEE4C722F}.Debug|x64.ActiveCfg = Debug|x64
		{3EAC157D-110D-49DB-BB37-2F3EEE4C722F}.Debug|x64.Build.0 = Debug|x64
		{3EAC157D-110D-49DB-BB37-2F3EEE4C722F}.Debug|x86.ActiveCfg = Debug|Win32
		{3EAC157D-110D-49DB-BB37-2F3EEE4C722F}.Debug|x86.Build.0 = Debug|Win32
		{3EAC157D-110D-49DB-BB37-2F3EEE4C722F}.Release|x64.ActiveCfg = Release|x64
		{3EAC157D-110D-49DB-BB37-2F3EEE4C722F}.Release|x64.Build.0 = Release|x64
		{3EAC157D-110D-49DB-BB37-2F3EEE4C722F}.Release|x86.ActiveCfg = Release|Win32
		{3EAC157D-110D-49DB-BB37-2F3EEE4C722F}.Release|x86.Build.0 = Release|Win32
	EndGlobalSection
	GlobalSection(SolutionProperties) = preSolution
		HideSolutionNode = FALSE
	EndGlobalSection
	GlobalSection(ExtensibilityGlobals) = postSolution
		SolutionGuid = {3C24FDCF-3F3E-4787-B22A-9C470A1B83A4}
	EndGlobalSection
EndGlobal
